# @generated by Move, please check-in and do not edit manually.

[move]
version = 0
manifest_digest = "DE45DB836EA106566FFF93A2B956E3E6DA393615EA667B053A8B6E770EF6941E"
deps_digest = "F8BBB0CCB2491CA29A3DF03D6F92277A4F3574266507ACD7721AD34AFXCAFE53"

dependencies = [
  { name = "Sui" },
]

[[move.package]]
name = "MoveStdlib"
source = { git = "https://github.com/MystenLabs/sui.git", rev = "framework/devnet", subdir = "crates/sui-framework/packages/move-stdlib" }

[[move.package]]
name = "Sui"
source = { git = "https://github.com/MystenLabs/sui.git", rev = "framework/devnet", subdir = "crates/sui-framework/packages/sui-framework" }

dependencies = [
  { name = "MoveStdlib" },
]

[move.toolchain-version]
compiler-version = "1.22.0"
edition = "legacy"
flavor = "sui"
